// !$*UTF8*$!
{
	archiveVersion = 1;
	classes = {
	};
	objectVersion = 50;
	objects = {

/* Begin PBXBuildFile section */
		B2BFAFCF238159B100FCA3D1 /* DateExtention.swift in Sources */ = {isa = PBXBuildFile; fileRef = B2BFAFCE238159B100FCA3D1 /* DateExtention.swift */; };
		B2D2142623813858003B90BE /* AppDelegate.swift in Sources */ = {isa = PBXBuildFile; fileRef = B2D2142523813858003B90BE /* AppDelegate.swift */; };
		B2D2142823813858003B90BE /* SceneDelegate.swift in Sources */ = {isa = PBXBuildFile; fileRef = B2D2142723813858003B90BE /* SceneDelegate.swift */; };
		B2D2142B23813858003B90BE /* Dday_SwiftUI.xcdatamodeld in Sources */ = {isa = PBXBuildFile; fileRef = B2D2142923813858003B90BE /* Dday_SwiftUI.xcdatamodeld */; };
		B2D2142D23813858003B90BE /* ContentView.swift in Sources */ = {isa = PBXBuildFile; fileRef = B2D2142C23813858003B90BE /* ContentView.swift */; };
		B2D2142F23813859003B90BE /* Assets.xcassets in Resources */ = {isa = PBXBuildFile; fileRef = B2D2142E23813859003B90BE /* Assets.xcassets */; };
		B2D2143223813859003B90BE /* Preview Assets.xcassets in Resources */ = {isa = PBXBuildFile; fileRef = B2D2143123813859003B90BE /* Preview Assets.xcassets */; };
		B2D2143523813859003B90BE /* LaunchScreen.storyboard in Resources */ = {isa = PBXBuildFile; fileRef = B2D2143323813859003B90BE /* LaunchScreen.storyboard */; };
		B2D2143D238141E6003B90BE /* AddDdayView.swift in Sources */ = {isa = PBXBuildFile; fileRef = B2D2143C238141E6003B90BE /* AddDdayView.swift */; };
/* End PBXBuildFile section */

/* Begin PBXFileReference section */
		B2BFAFCE238159B100FCA3D1 /* DateExtention.swift */ = {isa = PBXFileReference; fileEncoding = 4; lastKnownFileType = sourcecode.swift; path = DateExtention.swift; sourceTree = "<group>"; };
		B2D2142223813858003B90BE /* Dday-SwiftUI.app */ = {isa = PBXFileReference; explicitFileType = wrapper.application; includeInIndex = 0; path = "Dday-SwiftUI.app"; sourceTree = BUILT_PRODUCTS_DIR; };
		B2D2142523813858003B90BE /* AppDelegate.swift */ = {isa = PBXFileReference; lastKnownFileType = sourcecode.swift; path = AppDelegate.swift; sourceTree = "<group>"; };
		B2D2142723813858003B90BE /* SceneDelegate.swift */ = {isa = PBXFileReference; lastKnownFileType = sourcecode.swift; path = SceneDelegate.swift; sourceTree = "<group>"; };
		B2D2142A23813858003B90BE /* Dday_SwiftUI.xcdatamodel */ = {isa = PBXFileReference; lastKnownFileType = wrapper.xcdatamodel; path = Dday_SwiftUI.xcdatamodel; sourceTree = "<group>"; };
		B2D2142C23813858003B90BE /* ContentView.swift */ = {isa = PBXFileReference; lastKnownFileType = sourcecode.swift; path = ContentView.swift; sourceTree = "<group>"; };
		B2D2142E23813859003B90BE /* Assets.xcassets */ = {isa = PBXFileReference; lastKnownFileType = folder.assetcatalog; path = Assets.xcassets; sourceTree = "<group>"; };
		B2D2143123813859003B90BE /* Preview Assets.xcassets */ = {isa = PBXFileReference; lastKnownFileType = folder.assetcatalog; path = "Preview Assets.xcassets"; sourceTree = "<group>"; };
		B2D2143423813859003B90BE /* Base */ = {isa = PBXFileReference; lastKnownFileType = file.storyboard; name = Base; path = Base.lproj/LaunchScreen.storyboard; sourceTree = "<group>"; };
		B2D2143623813859003B90BE /* Info.plist */ = {isa = PBXFileReference; lastKnownFileType = text.plist.xml; path = Info.plist; sourceTree = "<group>"; };
		B2D2143C238141E6003B90BE /* AddDdayView.swift */ = {isa = PBXFileReference; lastKnownFileType = sourcecode.swift; path = AddDdayView.swift; sourceTree = "<group>"; };
/* End PBXFileReference section */

/* Begin PBXFrameworksBuildPhase section */
		B2D2141F23813858003B90BE /* Frameworks */ = {
			isa = PBXFrameworksBuildPhase;
			buildActionMask = 2147483647;
			files = (
			);
			runOnlyForDeploymentPostprocessing = 0;
		};
/* End PBXFrameworksBuildPhase section */

/* Begin PBXGroup section */
		B2D2141923813858003B90BE = {
			isa = PBXGroup;
			children = (
				B2D2142423813858003B90BE /* Dday-SwiftUI */,
				B2D2142323813858003B90BE /* Products */,
			);
			sourceTree = "<group>";
		};
		B2D2142323813858003B90BE /* Products */ = {
			isa = PBXGroup;
			children = (
				B2D2142223813858003B90BE /* Dday-SwiftUI.app */,
			);
			name = Products;
			sourceTree = "<group>";
		};
		B2D2142423813858003B90BE /* Dday-SwiftUI */ = {
			isa = PBXGroup;
			children = (
				B2D2142523813858003B90BE /* AppDelegate.swift */,
				B2D2142723813858003B90BE /* SceneDelegate.swift */,
				B2D2142C23813858003B90BE /* ContentView.swift */,
				B2D2143C238141E6003B90BE /* AddDdayView.swift */,
				B2BFAFCE238159B100FCA3D1 /* DateExtention.swift */,
				B2D2142E23813859003B90BE /* Assets.xcassets */,
				B2D2143323813859003B90BE /* LaunchScreen.storyboard */,
				B2D2143623813859003B90BE /* Info.plist */,
				B2D2142923813858003B90BE /* Dday_SwiftUI.xcdatamodeld */,
				B2D2143023813859003B90BE /* Preview Content */,
			);
			path = "Dday-SwiftUI";
			sourceTree = "<group>";
		};
		B2D2143023813859003B90BE /* Preview Content */ = {
			isa = PBXGroup;
			children = (
				B2D2143123813859003B90BE /* Preview Assets.xcassets */,
			);
			path = "Preview Content";
			sourceTree = "<group>";
		};
/* End PBXGroup section */

/* Begin PBXNativeTarget section */
		B2D2142123813858003B90BE /* Dday-SwiftUI */ = {
			isa = PBXNativeTarget;
			buildConfigurationList = B2D2143923813859003B90BE /* Build configuration list for PBXNativeTarget "Dday-SwiftUI" */;
			buildPhases = (
				B2D2141E23813858003B90BE /* Sources */,
				B2D2141F23813858003B90BE /* Frameworks */,
				B2D2142023813858003B90BE /* Resources */,
			);
			buildRules = (
			);
			dependencies = (
			);
			name = "Dday-SwiftUI";
			productName = "Dday-SwiftUI";
			productReference = B2D2142223813858003B90BE /* Dday-SwiftUI.app */;
			productType = "com.apple.product-type.application";
		};
/* End PBXNativeTarget section */

/* Begin PBXProject section */
		B2D2141A23813858003B90BE /* Project object */ = {
			isa = PBXProject;
			attributes = {
				LastSwiftUpdateCheck = 1120;
				LastUpgradeCheck = 1120;
				ORGANIZATIONNAME = n30gu1;
				TargetAttributes = {
					B2D2142123813858003B90BE = {
						CreatedOnToolsVersion = 11.2;
					};
				};
			};
			buildConfigurationList = B2D2141D23813858003B90BE /* Build configuration list for PBXProject "Dday-SwiftUI" */;
			compatibilityVersion = "Xcode 9.3";
			developmentRegion = en;
			hasScannedForEncodings = 0;
			knownRegions = (
				en,
				Base,
			);
			mainGroup = B2D2141923813858003B90BE;
			productRefGroup = B2D2142323813858003B90BE /* Products */;
			projectDirPath = "";
			projectRoot = "";
			targets = (
				B2D2142123813858003B90BE /* Dday-SwiftUI */,
			);
		};
/* End PBXProject section */

/* Begin PBXResourcesBuildPhase section */
		B2D2142023813858003B90BE /* Resources */ = {
			isa = PBXResourcesBuildPhase;
			buildActionMask = 2147483647;
			files = (
				B2D2143523813859003B90BE /* LaunchScreen.storyboard in Resources */,
				B2D2143223813859003B90BE /* Preview Assets.xcassets in Resources */,
				B2D2142F23813859003B90BE /* Assets.xcassets in Resources */,
			);
			runOnlyForDeploymentPostprocessing = 0;
		};
/* End PBXResourcesBuildPhase section */

/* Begin PBXSourcesBuildPhase section */
		B2D2141E23813858003B90BE /* Sources */ = {
			isa = PBXSourcesBuildPhase;
			buildActionMask = 2147483647;
			files = (
				B2D2143D238141E6003B90BE /* AddDdayView.swift in Sources */,
				B2D2142B23813858003B90BE /* Dday_SwiftUI.xcdatamodeld in Sources */,
				B2BFAFCF238159B100FCA3D1 /* DateExtention.swift in Sources */,
				B2D2142623813858003B90BE /* AppDelegate.swift in Sources */,
				B2D2142D23813858003B90BE /* ContentView.swift in Sources */,
				B2D2142823813858003B90BE /* SceneDelegate.swift in Sources */,
			);
			runOnlyForDeploymentPostprocessing = 0;
		};
/* End PBXSourcesBuildPhase section */

/* Begin PBXVariantGroup section */
		B2D2143323813859003B90BE /* LaunchScreen.storyboard */ = {
			isa = PBXVariantGroup;
			children = (
				B2D2143423813859003B90BE /* Base */,
			);
			name = LaunchScreen.storyboard;
			sourceTree = "<group>";
		};
/* End PBXVariantGroup section */

/* Begin XCBuildConfiguration section */
		B2D2143723813859003B90BE /* Debug */ = {
			isa = XCBuildConfiguration;
			buildSettings = {
				ALWAYS_SEARCH_USER_PATHS = NO;
				CLANG_ANALYZER_NONNULL = YES;
				CLANG_ANALYZER_NUMBER_OBJECT_CONVERSION = YES_AGGRESSIVE;
				CLANG_CXX_LANGUAGE_STANDARD = "gnu++14";
				CLANG_CXX_LIBRARY = "libc++";
				CLANG_ENABLE_MODULES = YES;
				CLANG_ENABLE_OBJC_ARC = YES;
				CLANG_ENABLE_OBJC_WEAK = YES;
				CLANG_WARN_BLOCK_CAPTURE_AUTORELEASING = YES;
				CLANG_WARN_BOOL_CONVERSION = YES;
				CLANG_WARN_COMMA = YES;
				CLANG_WARN_CONSTANT_CONVERSION = YES;
				CLANG_WARN_DEPRECATED_OBJC_IMPLEMENTATIONS = YES;
				CLANG_WARN_DIRECT_OBJC_ISA_USAGE = YES_ERROR;
				CLANG_WARN_DOCUMENTATION_COMMENTS = YES;
				CLANG_WARN_EMPTY_BODY = YES;
				CLANG_WARN_ENUM_CONVERSION = YES;
				CLANG_WARN_INFINITE_RECURSION = YES;
				CLANG_WARN_INT_CONVERSION = YES;
				CLANG_WARN_NON_LITERAL_NULL_CONVERSION = YES;
				CLANG_WARN_OBJC_IMPLICIT_RETAIN_SELF = YES;
				CLANG_WARN_OBJC_LITERAL_CONVERSION = YES;
				CLANG_WARN_OBJC_ROOT_CLASS = YES_ERROR;
				CLANG_WARN_RANGE_LOOP_ANALYSIS = YES;
				CLANG_WARN_STRICT_PROTOTYPES = YES;
				CLANG_WARN_SUSPICIOUS_MOVE = YES;
				CLANG_WARN_UNGUARDED_AVAILABILITY = YES_AGGRESSIVE;
				CLANG_WARN_UNREACHABLE_CODE = YES;
				CLANG_WARN__DUPLICATE_METHOD_MATCH = YES;
				COPY_PHASE_STRIP = NO;
				DEBUG_INFORMATION_FORMAT = dwarf;
				ENABLE_STRICT_OBJC_MSGSEND = YES;
				ENABLE_TESTABILITY = YES;
				GCC_C_LANGUAGE_STANDARD = gnu11;
				GCC_DYNAMIC_NO_PIC = NO;
				GCC_NO_COMMON_BLOCKS = YES;
				GCC_OPTIMIZATION_LEVEL = 0;
				GCC_PREPROCESSOR_DEFINITIONS = (
					"DEBUG=1",
					"$(inherited)",
				);
				GCC_WARN_64_TO_32_BIT_CONVERSION = YES;
				GCC_WARN_ABOUT_RETURN_TYPE = YES_ERROR;
				GCC_WARN_UNDECLARED_SELECTOR = YES;
				GCC_WARN_UNINITIALIZED_AUTOS = YES_AGGRESSIVE;
				GCC_WARN_UNUSED_FUNCTION = YES;
				GCC_WARN_UNUSED_VARIABLE = YES;
				IPHONEOS_DEPLOYMENT_TARGET = 13.2;
				MTL_ENABLE_DEBUG_INFO = INCLUDE_SOURCE;
				MTL_FAST_MATH = YES;
				ONLY_ACTIVE_ARCH = YES;
				SDKROOT = iphoneos;
				SWIFT_ACTIVE_COMPILATION_CONDITIONS = DEBUG;
				SWIFT_OPTIMIZATION_LEVEL = "-Onone";
			};
			name = Debug;
		};
		B2D2143823813859003B90BE /* Release */ = {
			isa = XCBuildConfiguration;
			buildSettings = {
				ALWAYS_SEARCH_USER_PATHS = NO;
				CLANG_ANALYZER_NONNULL = YES;
				CLANG_ANALYZER_NUMBER_OBJECT_CONVERSION = YES_AGGRESSIVE;
				CLANG_CXX_LANGUAGE_STANDARD = "gnu++14";
				CLANG_CXX_LIBRARY = "libc++";
				CLANG_ENABLE_MODULES = YES;
				CLANG_ENABLE_OBJC_ARC = YES;
				CLANG_ENABLE_OBJC_WEAK = YES;
				CLANG_WARN_BLOCK_CAPTURE_AUTORELEASING = YES;
				CLANG_WARN_BOOL_CONVERSION = YES;
				CLANG_WARN_COMMA = YES;
				CLANG_WARN_CONSTANT_CONVERSION = YES;
				CLANG_WARN_DEPRECATED_OBJC_IMPLEMENTATIONS = YES;
				CLANG_WARN_DIRECT_OBJC_ISA_USAGE = YES_ERROR;
				CLANG_WARN_DOCUMENTATION_COMMENTS = YES;
				CLANG_WARN_EMPTY_BODY = YES;
				CLANG_WARN_ENUM_CONVERSION = YES;
				CLANG_WARN_INFINITE_RECURSION = YES;
				CLANG_WARN_INT_CONVERSION = YES;
				CLANG_WARN_NON_LITERAL_NULL_CONVERSION = YES;
				CLANG_WARN_OBJC_IMPLICIT_RETAIN_SELF = YES;
				CLANG_WARN_OBJC_LITERAL_CONVERSION = YES;
				CLANG_WARN_OBJC_ROOT_CLASS = YES_ERROR;
				CLANG_WARN_RANGE_LOOP_ANALYSIS = YES;
				CLANG_WARN_STRICT_PROTOTYPES = YES;
				CLANG_WARN_SUSPICIOUS_MOVE = YES;
				CLANG_WARN_UNGUARDED_AVAILABILITY = YES_AGGRESSIVE;
				CLANG_WARN_UNREACHABLE_CODE = YES;
				CLANG_WARN__DUPLICATE_METHOD_MATCH = YES;
				COPY_PHASE_STRIP = NO;
				DEBUG_INFORMATION_FORMAT = "dwarf-with-dsym";
				ENABLE_NS_ASSERTIONS = NO;
				ENABLE_STRICT_OBJC_MSGSEND = YES;
				GCC_C_LANGUAGE_STANDARD = gnu11;
				GCC_NO_COMMON_BLOCKS = YES;
				GCC_WARN_64_TO_32_BIT_CONVERSION = YES;
				GCC_WARN_ABOUT_RETURN_TYPE = YES_ERROR;
				GCC_WARN_UNDECLARED_SELECTOR = YES;
				GCC_WARN_UNINITIALIZED_AUTOS = YES_AGGRESSIVE;
				GCC_WARN_UNUSED_FUNCTION = YES;
				GCC_WARN_UNUSED_VARIABLE = YES;
				IPHONEOS_DEPLOYMENT_TARGET = 13.2;
				MTL_ENABLE_DEBUG_INFO = NO;
				MTL_FAST_MATH = YES;
				SDKROOT = iphoneos;
				SWIFT_COMPILATION_MODE = wholemodule;
				SWIFT_OPTIMIZATION_LEVEL = "-O";
				VALIDATE_PRODUCT = YES;
			};
			name = Release;
		};
		B2D2143A23813859003B90BE /* Debug */ = {
			isa = XCBuildConfiguration;
			buildSettings = {
				ASSETCATALOG_COMPILER_APPICON_NAME = AppIcon;
				CODE_SIGN_STYLE = Automatic;
				DEVELOPMENT_ASSET_PATHS = "\"Dday-SwiftUI/Preview Content\"";
				DEVELOPMENT_TEAM = T2N2Q99XZR;
				ENABLE_PREVIEWS = YES;
				INFOPLIST_FILE = "Dday-SwiftUI/Info.plist";
				LD_RUNPATH_SEARCH_PATHS = (
					"$(inherited)",
					"@executable_path/Frameworks",
				);
				PRODUCT_BUNDLE_IDENTIFIER = "kr.n30gu1.Dday-SwiftUI";
				PRODUCT_NAME = "$(TARGET_NAME)";
				SWIFT_VERSION = 5.0;
				TARGETED_DEVICE_FAMILY = "1,2";
			};
			name = Debug;
		};
		B2D2143B23813859003B90BE /* Release */ = {
			isa = XCBuildConfiguration;
			buildSettings = {
				ASSETCATALOG_COMPILER_APPICON_NAME = AppIcon;
				CODE_SIGN_STYLE = Automatic;
				DEVELOPMENT_ASSET_PATHS = "\"Dday-SwiftUI/Preview Content\"";
				DEVELOPMENT_TEAM = T2N2Q99XZR;
				ENABLE_PREVIEWS = YES;
				INFOPLIST_FILE = "Dday-SwiftUI/Info.plist";
				LD_RUNPATH_SEARCH_PATHS = (
					"$(inherited)",
					"@executable_path/Frameworks",
				);
				PRODUCT_BUNDLE_IDENTIFIER = "kr.n30gu1.Dday-SwiftUI";
				PRODUCT_NAME = "$(TARGET_NAME)";
				SWIFT_VERSION = 5.0;
				TARGETED_DEVICE_FAMILY = "1,2";
			};
			name = Release;
		};
/* End XCBuildConfiguration section */

/* Begin XCConfigurationList section */
		B2D2141D23813858003B90BE /* Build configuration list for PBXProject "Dday-SwiftUI" */ = {
			isa = XCConfigurationList;
			buildConfigurations = (
				B2D2143723813859003B90BE /* Debug */,
				B2D2143823813859003B90BE /* Release */,
			);
			defaultConfigurationIsVisible = 0;
			defaultConfigurationName = Release;
		};
		B2D2143923813859003B90BE /* Build configuration list for PBXNativeTarget "Dday-SwiftUI" */ = {
			isa = XCConfigurationList;
			buildConfigurations = (
				B2D2143A23813859003B90BE /* Debug */,
				B2D2143B23813859003B90BE /* Release */,
			);
			defaultConfigurationIsVisible = 0;
			defaultConfigurationName = Release;
		};
/* End XCConfigurationList section */

/* Begin XCVersionGroup section */
		B2D2142923813858003B90BE /* Dday_SwiftUI.xcdatamodeld */ = {
			isa = XCVersionGroup;
			children = (
				B2D2142A23813858003B90BE /* Dday_SwiftUI.xcdatamodel */,
			);
			currentVersion = B2D2142A23813858003B90BE /* Dday_SwiftUI.xcdatamodel */;
			path = Dday_SwiftUI.xcdatamodeld;
			sourceTree = "<group>";
			versionGroupType = wrapper.xcdatamodel;
		};
/* End XCVersionGroup section */
	};
	rootObject = B2D2141A23813858003B90BE /* Project object */;
}
